
Microsoft Visual Studio Solution File, Format Version 12.00
# Visual Studio Version 17
VisualStudioVersion = 17.6.33829.357
MinimumVisualStudioVersion = 10.0.40219.1
Project("{FAE04EC0-301F-11D3-BF4B-00C04F79EFBC}") = "Workforce Monitor", "Workforce Monitor.csproj", "{D7922BB8-2AAB-4843-82C8-51578CC4BB15}"
EndProject
Global
	GlobalSection(SolutionConfigurationPlatforms) = preSolution
		Debug|Any CPU = Debug|Any CPU
		Release|Any CPU = Release|Any CPU
	EndGlobalSection
	GlobalSection(ProjectConfigurationPlatforms) = postSolution
		{D7922BB8-2AAB-4843-82C8-51578CC4BB15}.Debug|Any CPU.ActiveCfg = Debug|Any CPU
		{D7922BB8-2AAB-4843-82C8-51578CC4BB15}.Debug|Any CPU.Build.0 = Debug|Any CPU
		{D7922BB8-2AAB-4843-82C8-51578CC4BB15}.Release|Any CPU.ActiveCfg = Release|Any CPU
		{D7922BB8-2AAB-4843-82C8-51578CC4BB15}.Release|Any CPU.Build.0 = Release|Any CPU
	EndGlobalSection
	GlobalSection(SolutionProperties) = preSolution
		HideSolutionNode = FALSE
	EndGlobalSection
	GlobalSection(ExtensibilityGlobals) = postSolution
		SolutionGuid = {C9CF37C1-251D-41B5-93BB-891EDFEF1673}
	EndGlobalSection
EndGlobal
